dependencies:
- name: photoprism
  repository: https://p80n.github.io/photoprism-helm/
  version: 2.0.0
- name: mariadb
  repository: https://charts.bitnami.com/bitnami
  version: 25.0.5
digest: sha256:1d9aad5dcb7b2a6b12bb2786af3b6536f05512b896716f563c43566a66c5950c
generated: "2026-03-21T10:19:17.200080415Z"
