dependencies:
- name: photoprism
  repository: https://p80n.github.io/photoprism-helm/
  version: 2.0.0
- name: mariadb
  repository: https://charts.bitnami.com/bitnami
  version: 25.1.2
digest: sha256:7bec9950d57441b51a504597ad0e57adf6e522da6889fb86ab8735ec781fdfb3
generated: "2026-05-13T10:14:50.76668609Z"
